ariga.io/atlas v0.32.1 h1:cVCxz6D2SRvlKn/1Yne+WaZEFBjji7lR4DklgP+6Py0=
ariga.io/atlas v0.32.1/go.mod h1:Oe1xWPuu5q9LzyrWfbZmEZxFYeu4BHTyzfjeW2aZp/w=
entgo.io/ent v0.14.4 h1:/DhDraSLXIkBhyiVoJeSshr4ZYi7femzhj6/TckzZuI=
entgo.io/ent v0.14.4/go.mod h1:aDPE/OziPEu8+OWbzy4UlvWmD2/kbRuWfK2A40hcxJM=
github.com/Code-Hex/go-generics-cache v1.5.1 h1:6vhZGc5M7Y/YD8cIUcY8kcuQLB4cHR7U+0KMqAA0KcU=
github.com/Code-Hex/go-generics-cache v1.5.1/go.mod h1:qxcC9kRVrct9rHeiYpFWSoW1vxyillCVzX13KZG8dl4=
github.com/DATA-DOG/go-sqlmock v1.5.0 h1:Shsta01QNfFxHCfpW6YH2STWB0MudeXXEWMr20OEh60=
github.com/DATA-DOG/go-sqlmock v1.5.0/go.mod h1:f/Ixk793poVmq4qj/V1dPUg2JEAKC73Q5eFN3EC/SaM=
github.com/agext/levenshtein v1.2.3 h1:YB2fHEn0UJagG8T1rrWknE3ZQzWM06O8AMAatNn7lmo=
github.com/agext/levenshtein v1.2.3/go.mod h1:JEDfjyjHDjOF/1e4FlBE/PkbqA9OfWu2ki2W0IB5558=
github.com/agnivade/levenshtein v1.2.1 h1:EHBY3UOn1gwdy/VbFwgo4cxecRznFk7fKWN1KOX7eoM=
github.com/agnivade/levenshtein v1.2.1/go.mod h1:QVVI16kDrtSuwcpd0p1+xMC6Z/VfhtCyDIjcwga4/DU=
github.com/alecthomas/assert/v2 v2.11.0 h1:2Q9r3ki8+JYXvGsDyBXwH3LcJ+WK5D0gc5E8vS6K3D0=
github.com/alecthomas/assert/v2 v2.11.0/go.mod h1:Bze95FyfUr7x34QZrjL+XP+0qgp/zg8yS+TtBj1WA3k=
github.com/alecthomas/chroma v0.10.0 h1:7XDcGkCQopCNKjZHfYrNLraA+M7e0fMiJ/Mfikbfjek=
github.com/alecthomas/chroma v0.10.0/go.mod h1:jtJATyUxlIORhUOFNA9NZDWGAQ8wpxQQqNSB4rjA/1s=
github.com/alecthomas/kong v1.12.1 h1:iq6aMJDcFYP9uFrLdsiZQ2ZMmcshduyGv4Pek0MQPW0=
github.com/alecthomas/kong v1.12.1/go.mod h1:p2vqieVMeTAnaC83txKtXe8FLke2X07aruPWXyMPQrU=
github.com/alecthomas/repr v0.4.0 h1:GhI2A8MACjfegCPVq9f1FLvIBS+DrQ2KQBFZP1iFzXc=
github.com/alecthomas/repr v0.4.0/go.mod h1:Fr0507jx4eOXV7AlPV6AVZLYrLIuIeSOWtW57eE/O/4=
github.com/apparentlymart/go-textseg/v15 v15.0.0 h1:uYvfpb3DyLSCGWnctWKGj857c6ew1u1fNQOlOtuGxQY=
github.com/apparentlymart/go-textseg/v15 v15.0.0/go.mod h1:K8XmNZdhEBkdlyDdvbmmsvpAG721bKi0joRfFdHIWJ4=
github.com/arbovm/levenshtein v0.0.0-20160628152529-48b4e1c0c4d0 h1:jfIu9sQUG6Ig+0+Ap1h4unLjW6YQJpKZVmUzxsD4E/Q=
github.com/arbovm/levenshtein v0.0.0-20160628152529-48b4e1c0c4d0/go.mod h1:t2tdKJDJF9BV14lnkjHmOQgcvEKgtqs5a1N3LNdJhGE=
github.com/aymerick/douceur v0.2.0 h1:Mv+mAeH1Q+n9Fr+oyamOlAkUNPWPlA8PPGR0QAaYuPk=
github.com/aymerick/douceur v0.2.0/go.mod h1:wlT5vV2O3h55X9m7iVYN0TBM0NH/MmbLnd30/FjWUq4=
github.com/bahlo/generic-list-go v0.2.0 h1:5sz/EEAK+ls5wF+NeqDpk5+iNdMDXrh3z3nPnH1Wvgk=
github.com/bahlo/generic-list-go v0.2.0/go.mod h1:2KvAjgMlE5NNynlg/5iLrrCCZ2+5xWbdbCW3pNTGyYg=
github.com/bmatcuk/doublestar v1.3.4 h1:gPypJ5xD31uhX6Tf54sDPUOBXTqKH4c9aPY66CyQrS0=
github.com/bmatcuk/doublestar v1.3.4/go.mod h1:wiQtGV+rzVYxB7WIlirSN++5HPtPlXEo9MEoZQC/PmE=
github.com/buger/jsonparser v1.1.1 h1:2PnMjfWD7wBILjqQbt530v576A/cAbQvEW9gGIpYMUs=
github.com/buger/jsonparser v1.1.1/go.mod h1:6RYKKt7H4d4+iWqouImQ9R2FZql3VbhNgx27UK13J/0=
github.com/davecgh/go-spew v1.1.0/go.mod h1:J7Y8YcW2NihsgmVo/mv3lAwl/skON4iLHjSsI+c5H38=
github.com/davecgh/go-spew v1.1.1 h1:vj9j/u1bqnvCEfJOwUhtlOARqs3+rkHYY13jYWTU97c=
github.com/davecgh/go-spew v1.1.1/go.mod h1:J7Y8YcW2NihsgmVo/mv3lAwl/skON4iLHjSsI+c5H38=
github.com/dgryski/trifles v0.0.0-20230903005119-f50d829f2e54 h1:SG7nF6SRlWhcT7cNTs5R6Hk4V2lcmLz2NsG2VnInyNo=
github.com/dgryski/trifles v0.0.0-20230903005119-f50d829f2e54/go.mod h1:if7Fbed8SFyPtHLHbg49SI7NAdJiC5WIA09pe59rfAA=
github.com/dlclark/regexp2 v1.4.0/go.mod h1:2pZnwuY/m+8K6iRw6wQdMtk+rH5tNGR1i55kozfMjCc=
github.com/dlclark/regexp2 v1.11.5 h1:Q/sSnsKerHeCkc/jSTNq1oCm7KiVgUMZRDUoRu0JQZQ=
github.com/dlclark/regexp2 v1.11.5/go.mod h1:DHkYz0B9wPfa6wondMfaivmHpzrQ3v9q8cnmRbL6yW8=
github.com/dprotaso/go-yit v0.0.0-20240618133044-5a0af90af097 h1:f5nA5Ys8RXqFXtKc0XofVRiuwNTuJzPIwTmbjLz9vj8=
github.com/dprotaso/go-yit v0.0.0-20240618133044-5a0af90af097/go.mod h1:FTAVyH6t+SlS97rv6EXRVuBDLkQqcIe/xQw9f4IFUI4=
github.com/dustin/go-humanize v1.0.1 h1:GzkhY7T5VNhEkwH0PVJgjz+fX1rhBrR7pRT3mDkpeCY=
github.com/dustin/go-humanize v1.0.1/go.mod h1:Mu1zIs6XwVuF/gI1OepvI0qD18qycQx+mFykh5fBlto=
github.com/fatih/color v1.18.0 h1:S8gINlzdQ840/4pfAwic/ZE0djQEH3wM94VfqLTZcOM=
github.com/fatih/color v1.18.0/go.mod h1:4FelSpRwEGDpQ12mAdzqdOukCy4u8WUtOY6lkT/6HfU=
github.com/gabriel-vasile/mimetype v1.4.12 h1:e9hWvmLYvtp846tLHam2o++qitpguFiYCKbn0w9jyqw=
github.com/gabriel-vasile/mimetype v1.4.12/go.mod h1:d+9Oxyo1wTzWdyVUPMmXFvp4F9tea18J8ufA774AB3s=
github.com/ghodss/yaml v1.0.0 h1:wQHKEahhL6wmXdzwWG11gIVCkOv05bNOh+Rxn0yngAk=
github.com/ghodss/yaml v1.0.0/go.mod h1:4dBDuWmgqj2HViK6kFavaiC9ZROes6MMH2rRYeMEF04=
github.com/go-chi/chi/v5 v5.2.4 h1:WtFKPHwlywe8Srng8j2BhOD9312j9cGUxG1SP4V2cR4=
github.com/go-chi/chi/v5 v5.2.4/go.mod h1:X7Gx4mteadT3eDOMTsXzmI4/rwUpOwBHLpAfupzFJP0=
github.com/go-chi/httprate v0.15.0 h1:j54xcWV9KGmPf/X4H32/aTH+wBlrvxL7P+SdnRqxh5g=
github.com/go-chi/httprate v0.15.0/go.mod h1:rzGHhVrsBn3IMLYDOZQsSU4fJNWcjui4fWKJcCId1R4=
github.com/go-faster/errors v0.7.1 h1:MkJTnDoEdi9pDabt1dpWf7AA8/BaSYZqibYyhZ20AYg=
github.com/go-faster/errors v0.7.1/go.mod h1:5ySTjWFiphBs07IKuiL69nxdfd5+fzh1u7FPGZP2quo=
github.com/go-faster/jx v1.1.0 h1:ZsW3wD+snOdmTDy9eIVgQdjUpXRRV4rqW8NS3t+20bg=
github.com/go-faster/jx v1.1.0/go.mod h1:vKDNikrKoyUmpzaJ0OkIkRQClNHFX/nF3dnTJZb3skg=
github.com/go-faster/yaml v0.4.6 h1:lOK/EhI04gCpPgPhgt0bChS6bvw7G3WwI8xxVe0sw9I=
github.com/go-faster/yaml v0.4.6/go.mod h1:390dRIvV4zbnO7qC9FGo6YYutc+wyyUSHBgbXL52eXk=
github.com/go-openapi/inflect v0.21.2 h1:0gClGlGcxifcJR56zwvhaOulnNgnhc4qTAkob5ObnSM=
github.com/go-openapi/inflect v0.21.2/go.mod h1:INezMuUu7SJQc2AyR3WO0DqqYUJSj8Kb4hBd7WtjlAw=
github.com/go-playground/assert/v2 v2.2.0 h1:JvknZsQTYeFEAhQwI4qEt9cyV5ONwRHC+lYKSsYSR8s=
github.com/go-playground/assert/v2 v2.2.0/go.mod h1:VDjEfimB/XKnb+ZQfWdccd7VUvScMdVu0Titje2rxJ4=
github.com/go-playground/form/v4 v4.3.0 h1:OVttojbQv2WNCs4P+VnjPtrt/+30Ipw4890W3OaFlvk=
github.com/go-playground/form/v4 v4.3.0/go.mod h1:Cpe1iYJKoXb1vILRXEwxpWMGWyQuqplQ/4cvPecy+Jo=
github.com/go-playground/locales v0.14.1 h1:EWaQ/wswjilfKLTECiXz7Rh+3BjFhfDFKv/oXslEjJA=
github.com/go-playground/locales v0.14.1/go.mod h1:hxrqLVvrK65+Rwrd5Fc6F2O76J/NuW9t0sjnWqG1slY=
github.com/go-playground/universal-translator v0.18.1 h1:Bcnm0ZwsGyWbCzImXv+pAJnYK9S473LQFuzCbDbfSFY=
github.com/go-playground/universal-translator v0.18.1/go.mod h1:xekY+UJKNuX9WP91TpwSH2VMlDf28Uj24BCp08ZFTUY=
github.com/go-playground/validator/v10 v10.30.1 h1:f3zDSN/zOma+w6+1Wswgd9fLkdwy06ntQJp0BBvFG0w=
github.com/go-playground/validator/v10 v10.30.1/go.mod h1:oSuBIQzuJxL//3MelwSLD5hc2Tu889bF0Idm9Dg26cM=
github.com/go-test/deep v1.0.3 h1:ZrJSEWsXzPOxaZnFteGEfooLba+ju3FYIbOrS+rQd68=
github.com/go-test/deep v1.0.3/go.mod h1:wGDj63lr65AM2AQyKZd/NYHGb0R+1RLqB8NKt3aSFNA=
github.com/google/btree v1.1.3 h1:CVpQJjYgC4VbzxeGVHfvZrv1ctoYCAI8vbl07Fcxlyg=
github.com/google/btree v1.1.3/go.mod h1:qOPhT0dTNdNzV6Z/lhRX0YXUafgPLFUh+gZMl761Gm4=
github.com/google/go-cmp v0.5.2/go.mod h1:v8dTdLbMG2kIc/vJvl+f65V22dbkXbowE6jgT/gNBxE=
github.com/google/go-cmp v0.7.0 h1:wk8382ETsv4JYUZwIsn6YpYiWiBsYLSJiTsyBybVuN8=
github.com/google/go-cmp v0.7.0/go.mod h1:pXiqmnSA92OHEEa9HXL2W4E7lf9JzCmGVUdgjX3N/iU=
github.com/google/go-github/v63 v63.0.0 h1:13xwK/wk9alSokujB9lJkuzdmQuVn2QCPeck76wR3nE=
github.com/google/go-github/v63 v63.0.0/go.mod h1:IqbcrgUmIcEaioWrGYei/09o+ge5vhffGOcxrO0AfmA=
github.com/google/go-querystring v1.1.0 h1:AnCroh3fv4ZBgVIf1Iwtovgjaw/GiKJo8M8yD/fhyJ8=
github.com/google/go-querystring v1.1.0/go.mod h1:Kcdr2DB4koayq7X8pmAG4sNG59So17icRSOU623lUBU=
github.com/google/gofuzz v1.2.0 h1:xRy4A+RhZaiKjJ1bPfwQ8sedCA+YS2YcCHW6ec7JMi0=
github.com/google/gofuzz v1.2.0/go.mod h1:dBl0BpW6vV/+mYPU4Po3pmUjxk6FQPldtuIdl/M65Eg=
github.com/google/pprof v0.0.0-20250317173921-a4b03ec1a45e h1:ijClszYn+mADRFY17kjQEVQ1XRhq2/JR1M3sGqeJoxs=
github.com/google/pprof v0.0.0-20250317173921-a4b03ec1a45e/go.mod h1:boTsfXsheKC2y+lKOCMpSfarhxDeIzfZG1jqGcPl3cA=
github.com/google/uuid v1.6.0 h1:NIvaJDMOsjHA8n1jAhLSgzrAzy1Hgr+hNrb57e+94F0=
github.com/google/uuid v1.6.0/go.mod h1:TIyPZe4MgqvfeYDBFedMoGGpEw/LqOeaOT+nhxU+yHo=
github.com/gorilla/css v1.0.1 h1:ntNaBIghp6JmvWnxbZKANoLyuXTPZ4cAMlo6RyhlbO8=
github.com/gorilla/css v1.0.1/go.mod h1:BvnYkspnSzMmwRK+b8/xgNPLiIuNZr6vbZBTPQ2A3b0=
github.com/gorilla/mux v1.8.1 h1:TuBL49tXwgrFYWhqrNgrUNEY92u81SPhu7sTdzQEiWY=
github.com/gorilla/mux v1.8.1/go.mod h1:AKf9I4AEqPTmMytcMc0KkNouC66V3BtZ4qD5fmWSiMQ=
github.com/gorilla/securecookie v1.1.2 h1:YCIWL56dvtr73r6715mJs5ZvhtnY73hBvEF8kXD8ePA=
github.com/gorilla/securecookie v1.1.2/go.mod h1:NfCASbcHqRSY+3a8tlWJwsQap2VX5pwzwo4h3eOamfo=
github.com/gorilla/sessions v1.4.0 h1:kpIYOp/oi6MG/p5PgxApU8srsSw9tuFbt46Lt7auzqQ=
github.com/gorilla/sessions v1.4.0/go.mod h1:FLWm50oby91+hl7p/wRxDth9bWSuk0qVL2emc7lT5ik=
github.com/gregjones/httpcache v0.0.0-20190611155906-901d90724c79 h1:+ngKgrYPPJrOjhax5N+uePQ0Fh1Z7PheYoUI/0nzkPA=
github.com/gregjones/httpcache v0.0.0-20190611155906-901d90724c79/go.mod h1:FecbI9+v66THATjSRHfNgh1IVFe/9kFxbXtjV0ctIMA=
github.com/hashicorp/hcl/v2 v2.23.0 h1:Fphj1/gCylPxHutVSEOf2fBOh1VE4AuLV7+kbJf3qos=
github.com/hashicorp/hcl/v2 v2.23.0/go.mod h1:62ZYHrXgPoX8xBnzl8QzbWq4dyDsDtfCRgIq1rbJEvA=
github.com/hexops/gotextdiff v1.0.3 h1:gitA9+qJrrTCsiCl7+kh75nPqQt1cx4ZkudSTLoUqJM=
github.com/hexops/gotextdiff v1.0.3/go.mod h1:pSWU5MAI3yDq+fZBTazCSJysOMbxWL1BSow5/V2vxeg=
github.com/klauspost/cpuid/v2 v2.2.10 h1:tBs3QSyvjDyFTq3uoc/9xFpCuOsJQFNPiAhYdw2skhE=
github.com/klauspost/cpuid/v2 v2.2.10/go.mod h1:hqwkgyIinND0mEev00jJYCxPNVRVXFQeu1XKlok6oO0=
github.com/kr/pretty v0.3.1 h1:flRD4NNwYAUpkphVc1HcthR4KEIFJ65n8Mw5qdRn3LE=
github.com/kr/pretty v0.3.1/go.mod h1:hoEshYVHaxMs3cyo3Yncou5ZscifuDolrwPKZanG3xk=
github.com/kr/text v0.2.0 h1:5Nx0Ya0ZqY2ygV366QzturHI13Jq95ApcVaJBhpS+AY=
github.com/kr/text v0.2.0/go.mod h1:eLer722TekiGuMkidMxC/pM04lWEeraHUUmBw8l2grE=
github.com/leodido/go-urn v1.4.0 h1:WT9HwE9SGECu3lg4d/dIA+jxlljEa1/ffXKmRjqdmIQ=
github.com/leodido/go-urn v1.4.0/go.mod h1:bvxc+MVxLKB4z00jd1z+Dvzr47oO32F/QSNjSBOlFxI=
github.com/lmittmann/tint v1.1.2 h1:2CQzrL6rslrsyjqLDwD11bZ5OpLBPU+g3G/r5LSfS8w=
github.com/lmittmann/tint v1.1.2/go.mod h1:HIS3gSy7qNwGCj+5oRjAutErFBl4BzdQP6cJZ0NfMwE=
github.com/lrstanley/chix/v2 v2.0.0-alpha.7 h1:i13BdBTWK2XyDQGXobzdTzo00Ac1+aHLANCfRvJ7CZA=
github.com/lrstanley/chix/v2 v2.0.0-alpha.7/go.mod h1:khMSZelwu9mY0TgHhOTyCe/Lzv3dTxSPqUADSb2dyWw=
github.com/lrstanley/chix/xauth/v2 v2.0.0-alpha.7 h1:0PSRwlDYo1pu+Qxorux0kNmkHwynfuPk0mOe7iThINA=
github.com/lrstanley/chix/xauth/v2 v2.0.0-alpha.7/go.mod h1:v4tQpeuKfYdIilkxMvq1JYS1y3d2TaDgLowXvd5zJdE=
github.com/lrstanley/clix/v2 v2.0.0-beta.1 h1:G5VDnd2nA/3dvy540RAudtg7iu80jarsegxDbpvW5yw=
github.com/lrstanley/clix/v2 v2.0.0-beta.1/go.mod h1:f8iI66m9InRK4RB56fengIlSjsfPV8TKMTdGHq9jMtY=
github.com/lrstanley/entrest v0.0.0-20250419072846-665f4494098f h1:OEng60sQ7l4iKjVEBkJrcdf/FRVPofTPEQXm4YDA7gA=
github.com/lrstanley/entrest v0.0.0-20250419072846-665f4494098f/go.mod h1:e6e2hjoeiQb3lAfaCGzIgIODeKeC0g49fN3Vh+RlpiI=
github.com/lrstanley/x/http/utils v0.0.0-20260117234740-5feb8aa461b0 h1:H1t2AzTLQ1Mr+3cX5KW0+MZCOtQoEsr30I5eTCkIcmY=
github.com/lrstanley/x/http/utils v0.0.0-20260117234740-5feb8aa461b0/go.mod h1:DUbVTHPPSt59V9LgapgCspUqQj81mm3fEiCqK59jaq0=
github.com/lrstanley/x/scheduler v0.0.0-20260117234740-5feb8aa461b0 h1:7mPvzW9T4SMxnDnUNLFqXW4WatnBovxbDlQHedcyAvg=
github.com/lrstanley/x/scheduler v0.0.0-20260117234740-5feb8aa461b0/go.mod h1:xQ+hjAnzSIjG+M5TYV/axbvklxCbDxRddgkE7/cLQ/E=
github.com/mailru/easyjson v0.9.0 h1:PrnmzHw7262yW8sTBwxi1PdJA3Iw/EKBa8psRf7d9a4=
github.com/mailru/easyjson v0.9.0/go.mod h1:1+xMtQp2MRNVL/V1bOzuP3aP8VNwRW55fQUto+XFtTU=
github.com/markbates/goth v1.82.0 h1:8j/c34AjBSTNzO7zTsOyP5IYCQCMBTRBHAbBt/PI0bQ=
github.com/markbates/goth v1.82.0/go.mod h1:/DRlcq0pyqkKToyZjsL2KgiA1zbF1HIjE7u2uC79rUk=
github.com/mattn/go-colorable v0.1.14 h1:9A9LHSqF/7dyVVX6g0U9cwm9pG3kP9gSzcuIPHPsaIE=
github.com/mattn/go-colorable v0.1.14/go.mod h1:6LmQG8QLFO4G5z1gPvYEzlUgJ2wF+stgPZH1UqBm1s8=
github.com/mattn/go-isatty v0.0.20 h1:xfD0iDuEKnDkl03q4limB+vH+GxLEtL/jb4xVJSWWEY=
github.com/mattn/go-isatty v0.0.20/go.mod h1:W+V8PltTTMOvKvAeJH7IuucS94S2C6jfK/D7dTCTo3Y=
github.com/mattn/go-sqlite3 v1.14.17 h1:mCRHCLDUBXgpKAqIKsaAaAsrAlbkeomtRFKXh2L6YIM=
github.com/mattn/go-sqlite3 v1.14.17/go.mod h1:2eHXhiwb8IkHr+BDWZGa96P6+rkvnG63S2DGjv9HUNg=
github.com/microcosm-cc/bluemonday v1.0.27 h1:MpEUotklkwCSLeH+Qdx1VJgNqLlpY2KXwXFM08ygZfk=
github.com/microcosm-cc/bluemonday v1.0.27/go.mod h1:jFi9vgW+H7c3V0lb6nR74Ib/DIB5OBs92Dimizgw2cA=
github.com/mitchellh/go-wordwrap v1.0.1 h1:TLuKupo69TCn6TQSyGxwI1EblZZEsQ0vMlAFQflz0v0=
github.com/mitchellh/go-wordwrap v1.0.1/go.mod h1:R62XHJLzvMFRBbcrT7m7WgmE1eOyTSsCt+hzestvNj0=
github.com/ncruces/go-strftime v0.1.9 h1:bY0MQC28UADQmHmaF5dgpLmImcShSi2kHU9XLdhx/f4=
github.com/ncruces/go-strftime v0.1.9/go.mod h1:Fwc5htZGVVkseilnfgOVb9mKy6w1naJmn9CehxcKcls=
github.com/ogen-go/ogen v1.12.0 h1:JMkn957i9/IPaSehqpblviy6Uao3eqQ+eVKUn4LM9pg=
github.com/ogen-go/ogen v1.12.0/go.mod h1:RL25amedfhq5xKTUuPBPn6nhYU59CWaVWYJ8YIjNHs0=
github.com/pb33f/libopenapi v0.21.8 h1:Fi2dAogMwC6av/5n3YIo7aMOGBZH/fBMO4OnzFB3dQA=
github.com/pb33f/libopenapi v0.21.8/go.mod h1:Gc8oQkjr2InxwumK0zOBtKN9gIlv9L2VmSVIUk2YxcU=
github.com/pb33f/libopenapi-validator v0.4.0 h1:3ZdmyyP1oztytrJTPU3BTYGxUgzsTTNBA2uQNgmjzqk=
github.com/pb33f/libopenapi-validator v0.4.0/go.mod h1:W+odPcfKledbm+G+Ic1YAPz+WoPHKqpHzQ9UoJMnjB0=
github.com/peterbourgon/diskv v2.0.1+incompatible h1:UBdAOUP5p4RWqPBg048CAvpKN+vxiaj6gdUUzhl4XmI=
github.com/peterbourgon/diskv v2.0.1+incompatible/go.mod h1:uqqh8zWWbv1HBMNONnaR/tNboyR3/BZd58JJSHlUSCU=
github.com/pkoukk/tiktoken-go v0.1.7 h1:qOBHXX4PHtvIvmOtyg1EeKlwFRiMKAcoMp4Q+bLQDmw=
github.com/pkoukk/tiktoken-go v0.1.7/go.mod h1:9NiV+i9mJKGj1rYOT+njbv+ZwA/zJxYdewGl6qVatpg=
github.com/pmezard/go-difflib v1.0.0 h1:4DBwDE0NGyQoBHbLQYPwSUPoCMWR5BEzIk/f1lZbAQM=
github.com/pmezard/go-difflib v1.0.0/go.mod h1:iKH77koFhYxTK1pcRnkKkqfTogsbg7gZNVY4sRDYZ/4=
github.com/remyoudompheng/bigfft v0.0.0-20230129092748-24d4a6f8daec h1:W09IVJc94icq4NjY3clb7Lk8O1qJ8BdBEF8z0ibU0rE=
github.com/remyoudompheng/bigfft v0.0.0-20230129092748-24d4a6f8daec/go.mod h1:qqbHyh8v60DhA7CoWK5oRCqLrMHRGoxYCSS9EjAz6Eo=
github.com/rogpeppe/go-internal v1.13.2-0.20241226121412-a5dc8ff20d0a h1:w3tdWGKbLGBPtR/8/oO74W6hmz0qE5q0z9aqSAewaaM=
github.com/rogpeppe/go-internal v1.13.2-0.20241226121412-a5dc8ff20d0a/go.mod h1:S8kfXMp+yh77OxPD4fdM6YUknrZpQxLhvxzS4gDHENY=
github.com/santhosh-tekuri/jsonschema/v6 v6.0.1 h1:PKK9DyHxif4LZo+uQSgXNqs0jj5+xZwwfKHgph2lxBw=
github.com/santhosh-tekuri/jsonschema/v6 v6.0.1/go.mod h1:JXeL+ps8p7/KNMjDQk3TCwPpBy0wYklyWTfbkIzdIFU=
github.com/segmentio/asm v1.2.0 h1:9BQrFxC+YOHJlTlHGkTrFWf59nbL3XnCoFLTwDCI7ys=
github.com/segmentio/asm v1.2.0/go.mod h1:BqMnlJP91P8d+4ibuonYZw9mfnzI9HfxselHZr5aAcs=
github.com/shurcooL/githubv4 v0.0.0-20240727222349-48295856cce7 h1:cYCy18SHPKRkvclm+pWm1Lk4YrREb4IOIb/YdFO0p2M=
github.com/shurcooL/githubv4 v0.0.0-20240727222349-48295856cce7/go.mod h1:zqMwyHmnN/eDOZOdiTohqIUKUrTFX62PNlu7IJdu0q8=
github.com/shurcooL/graphql v0.0.0-20230722043721-ed46e5a46466 h1:17JxqqJY66GmZVHkmAsGEkcIu0oCe3AM420QDgGwZx0=
github.com/shurcooL/graphql v0.0.0-20230722043721-ed46e5a46466/go.mod h1:9dIRpgIY7hVhoqfe0/FcYp0bpInZaT7dc3BYOprrIUE=
github.com/speakeasy-api/jsonpath v0.6.1 h1:FWbuCEPGaJTVB60NZg2orcYHGZlelbNJAcIk/JGnZvo=
github.com/speakeasy-api/jsonpath v0.6.1/go.mod h1:ymb2iSkyOycmzKwbEAYPJV/yi2rSmvBCLZJcyD+VVWw=
github.com/spyzhov/ajson v0.9.6 h1:iJRDaLa+GjhCDAt1yFtU/LKMtLtsNVKkxqlpvrHHlpQ=
github.com/spyzhov/ajson v0.9.6/go.mod h1:a6oSw0MMb7Z5aD2tPoPO+jq11ETKgXUr2XktHdT8Wt8=
github.com/stoewer/go-strcase v1.3.0 h1:g0eASXYtp+yvN9fK8sH94oCIk0fau9uV1/ZdJ0AVEzs=
github.com/stoewer/go-strcase v1.3.0/go.mod h1:fAH5hQ5pehh+j3nZfvwdk2RgEgQjAoM8wodgtPmh1xo=
github.com/stretchr/objx v0.1.0/go.mod h1:HFkY916IF+rwdDfMAkV7OtwuqBVzrE8GR6GFx+wExME=
github.com/stretchr/objx v0.4.0/go.mod h1:YvHI0jy2hoMjB+UWwv71VJQ9isScKT/TqJzVSSt89Yw=
github.com/stretchr/objx v0.5.0/go.mod h1:Yh+to48EsGEfYuaHDzXPcE3xhTkx73EhmCGUpEOglKo=
github.com/stretchr/testify v1.7.0/go.mod h1:6Fq8oRcR53rry900zMqJjRRixrwX3KX962/h/Wwjteg=
github.com/stretchr/testify v1.7.1/go.mod h1:6Fq8oRcR53rry900zMqJjRRixrwX3KX962/h/Wwjteg=
github.com/stretchr/testify v1.8.0/go.mod h1:yNjHg4UonilssWZ8iaSj1OCr/vHnekPRkoO+kdMU+MU=
github.com/stretchr/testify v1.8.1/go.mod h1:w2LPCIKwWwSfY2zedu0+kehJoqGctiVI29o6fzry7u4=
github.com/stretchr/testify v1.11.1 h1:7s2iGBzp5EwR7/aIZr8ao5+dra3wiQyKjjFuvgVKu7U=
github.com/stretchr/testify v1.11.1/go.mod h1:wZwfW3scLgRK+23gO65QZefKpKQRnfz6sD981Nm4B6U=
github.com/tmc/langchaingo v0.1.13 h1:rcpMWBIi2y3B90XxfE4Ao8dhCQPVDMaNPnN5cGB1CaA=
github.com/tmc/langchaingo v0.1.13/go.mod h1:vpQ5NOIhpzxDfTZK9B6tf2GM/MoaHewPWM5KXXGh7hg=
github.com/vmware-labs/yaml-jsonpath v0.3.2 h1:/5QKeCBGdsInyDCyVNLbXyilb61MXGi9NP674f9Hobk=
github.com/vmware-labs/yaml-jsonpath v0.3.2/go.mod h1:U6whw1z03QyqgWdgXxvVnQ90zN1BWz5V+51Ewf8k+rQ=
github.com/wk8/go-ordered-map/v2 v2.1.9-0.20240815153524-6ea36470d1bd h1:dLuIF2kX9c+KknGJUdJi1Il1SDiTSK158/BB9kdgAew=
github.com/wk8/go-ordered-map/v2 v2.1.9-0.20240815153524-6ea36470d1bd/go.mod h1:DbzwytT4g/odXquuOCqroKvtxxldI4nb3nuesHF/Exo=
github.com/yuin/goldmark v1.4.5/go.mod h1:rmuwmfZ0+bvzB24eSC//bk1R1Zp3hM0OXYv/G2LIilg=
github.com/yuin/goldmark v1.7.11 h1:ZCxLyDMtz0nT2HFfsYG8WZ47Trip2+JyLysKcMYE5bo=
github.com/yuin/goldmark v1.7.11/go.mod h1:ip/1k0VRfGynBgxOz0yCqHrbZXhcjxyuS66Brc7iBKg=
github.com/yuin/goldmark-highlighting v0.0.0-20220208100518-594be1970594 h1:yHfZyN55+5dp1wG7wDKv8HQ044moxkyGq12KFFMFDxg=
github.com/yuin/goldmark-highlighting v0.0.0-20220208100518-594be1970594/go.mod h1:U9ihbh+1ZN7fR5Se3daSPoz1CGF9IYtSvWwVQtnzGHU=
github.com/zclconf/go-cty v1.16.2 h1:LAJSwc3v81IRBZyUVQDUdZ7hs3SYs9jv0eZJDWHD/70=
github.com/zclconf/go-cty v1.16.2/go.mod h1:VvMs5i0vgZdhYawQNq5kePSpLAoz8u1xvZgrPIxfnZE=
github.com/zclconf/go-cty-debug v0.0.0-20240509010212-0d6042c53940 h1:4r45xpDWB6ZMSMNJFMOjqrGHynW3DIBuR2H9j0ug+Mo=
github.com/zclconf/go-cty-debug v0.0.0-20240509010212-0d6042c53940/go.mod h1:CmBdvvj3nqzfzJ6nTCIwDTPZ56aVGvDrmztiO5g3qrM=
github.com/zclconf/go-cty-yaml v1.1.0 h1:nP+jp0qPHv2IhUVqmQSzjvqAWcObN0KBkUl2rWBdig0=
github.com/zclconf/go-cty-yaml v1.1.0/go.mod h1:9YLUH4g7lOhVWqUbctnVlZ5KLpg7JAprQNgxSZ1Gyxs=
github.com/zeebo/assert v1.3.0 h1:g7C04CbJuIDKNPFHmsk4hwZDO5O+kntRxzaUoNXj+IQ=
github.com/zeebo/assert v1.3.0/go.mod h1:Pq9JiuJQpG8JLJdtkwrJESF0Foym2/D9XMU5ciN/wJ0=
github.com/zeebo/xxh3 v1.0.2 h1:xZmwmqxHZA8AI603jOQ0tMqmBr9lPeFwGg6d+xy9DC0=
github.com/zeebo/xxh3 v1.0.2/go.mod h1:5NWz9Sef7zIDm2JHfFlcQvNekmcEl9ekUZQQKCYaDcA=
go.uber.org/goleak v1.3.0 h1:2K3zAYmnTNqV73imy9J1T3WC+gmCePx2hEGkimedGto=
go.uber.org/goleak v1.3.0/go.mod h1:CoHD4mav9JJNrW/WLlf7HGZPjdw8EucARQHekz1X6bE=
go.uber.org/multierr v1.11.0 h1:blXXJkSxSSfBVBlC76pxqeO+LN3aDfLQo+309xJstO0=
go.uber.org/multierr v1.11.0/go.mod h1:20+QtiLqy0Nd6FdQB9TLXag12DsQkrbs3htMFfDN80Y=
go.uber.org/zap v1.27.0 h1:aJMhYGrd5QSmlpLMr2MftRKl7t8J8PTZPA732ud/XR8=
go.uber.org/zap v1.27.0/go.mod h1:GB2qFLM7cTU87MWRP2mPIjqfIDnGu+VIO4V/SdhGo2E=
golang.org/x/crypto v0.47.0 h1:V6e3FRj+n4dbpw86FJ8Fv7XVOql7TEwpHapKoMJ/GO8=
golang.org/x/crypto v0.47.0/go.mod h1:ff3Y9VzzKbwSSEzWqJsJVBnWmRwRSHt/6Op5n9bQc4A=
golang.org/x/exp v0.0.0-20250408133849-7e4ce0ab07d0 h1:R84qjqJb5nVJMxqWYb3np9L5ZsaDtB+a39EqjV0JSUM=
golang.org/x/exp v0.0.0-20250408133849-7e4ce0ab07d0/go.mod h1:S9Xr4PYopiDyqSyp5NjCrhFrqg6A5zA2E/iPHPhqnS8=
golang.org/x/mod v0.31.0 h1:HaW9xtz0+kOcWKwli0ZXy79Ix+UW/vOfmWI5QVd2tgI=
golang.org/x/mod v0.31.0/go.mod h1:43JraMp9cGx1Rx3AqioxrbrhNsLl2l/iNAvuBkrezpg=
golang.org/x/net v0.48.0 h1:zyQRTTrjc33Lhh0fBgT/H3oZq9WuvRR5gPC70xpDiQU=
golang.org/x/net v0.48.0/go.mod h1:+ndRgGjkh8FGtu1w1FGbEC31if4VrNVMuKTgcAAnQRY=
golang.org/x/oauth2 v0.34.0 h1:hqK/t4AKgbqWkdkcAeI8XLmbK+4m4G5YeQRrmiotGlw=
golang.org/x/oauth2 v0.34.0/go.mod h1:lzm5WQJQwKZ3nwavOZ3IS5Aulzxi68dUSgRHujetwEA=
golang.org/x/sync v0.19.0 h1:vV+1eWNmZ5geRlYjzm2adRgW2/mcpevXNg50YZtPCE4=
golang.org/x/sync v0.19.0/go.mod h1:9KTHXmSnoGruLpwFjVSX0lNNA75CykiMECbovNTZqGI=
golang.org/x/sys v0.6.0/go.mod h1:oPkhp1MJrh7nUepCBck5+mAzfO9JrbApNNgaTdGDITg=
golang.org/x/sys v0.40.0 h1:DBZZqJ2Rkml6QMQsZywtnjnnGvHza6BTfYFWY9kjEWQ=
golang.org/x/sys v0.40.0/go.mod h1:OgkHotnGiDImocRcuBABYBEXf8A9a87e/uXjp9XT3ks=
golang.org/x/text v0.33.0 h1:B3njUFyqtHDUI5jMn1YIr5B0IE2U0qck04r6d4KPAxE=
golang.org/x/text v0.33.0/go.mod h1:LuMebE6+rBincTi9+xWTY8TztLzKHc/9C1uBCG27+q8=
golang.org/x/tools v0.40.0 h1:yLkxfA+Qnul4cs9QA3KnlFu0lVmd8JJfoq+E41uSutA=
golang.org/x/tools v0.40.0/go.mod h1:Ik/tzLRlbscWpqqMRjyWYDisX8bG13FrdXp3o4Sr9lc=
golang.org/x/xerrors v0.0.0-20191204190536-9bdfabe68543/go.mod h1:I/5z698sn9Ka8TeJc9MKroUUfqBBauWjQqLJ2OPfmY0=
gopkg.in/check.v1 v0.0.0-20161208181325-20d25e280405/go.mod h1:Co6ibVJAznAaIkqp8huTwlJQCZ016jof/cbN4VW5Yz0=
gopkg.in/check.v1 v1.0.0-20201130134442-10cb98267c6c h1:Hei/4ADfdWqJk1ZMxUNpqntNwaWcugrBjAiHlqqRiVk=
gopkg.in/check.v1 v1.0.0-20201130134442-10cb98267c6c/go.mod h1:JHkPIbrfpd72SG/EVd6muEfDQjcINNoR0C8j2r3qZ4Q=
gopkg.in/yaml.v2 v2.4.0 h1:D8xgwECY7CYvx+Y2n4sBz93Jn9JRvxdiyyo8CTfuKaY=
gopkg.in/yaml.v2 v2.4.0/go.mod h1:RDklbk79AGWmwhnvt/jBztapEOGDOx6ZbXqjP6csGnQ=
gopkg.in/yaml.v3 v3.0.0-20200313102051-9f266ea9e77c/go.mod h1:K4uyk7z7BCEPqu6E+C64Yfv1cQ7kz7rIZviUmN+EgEM=
gopkg.in/yaml.v3 v3.0.1 h1:fxVm/GzAzEWqLHuvctI91KS9hhNmmWOoWu0XTYJS7CA=
gopkg.in/yaml.v3 v3.0.1/go.mod h1:K4uyk7z7BCEPqu6E+C64Yfv1cQ7kz7rIZviUmN+EgEM=
modernc.org/cc/v4 v4.26.0 h1:QMYvbVduUGH0rrO+5mqF/PSPPRZNpRtg2CLELy7vUpA=
modernc.org/cc/v4 v4.26.0/go.mod h1:uVtb5OGqUKpoLWhqwNQo/8LwvoiEBLvZXIQ/SmO6mL0=
modernc.org/ccgo/v4 v4.26.0 h1:gVzXaDzGeBYJ2uXTOpR8FR7OlksDOe9jxnjhIKCsiTc=
modernc.org/ccgo/v4 v4.26.0/go.mod h1:Sem8f7TFUtVXkG2fiaChQtyyfkqhJBg/zjEJBkmuAVY=
modernc.org/fileutil v1.3.1 h1:8vq5fe7jdtEvoCf3Zf9Nm0Q05sH6kGx0Op2CPx1wTC8=
modernc.org/fileutil v1.3.1/go.mod h1:HxmghZSZVAz/LXcMNwZPA/DRrQZEVP9VX0V4LQGQFOc=
modernc.org/gc/v2 v2.6.5 h1:nyqdV8q46KvTpZlsw66kWqwXRHdjIlJOhG6kxiV/9xI=
modernc.org/gc/v2 v2.6.5/go.mod h1:YgIahr1ypgfe7chRuJi2gD7DBQiKSLMPgBQe9oIiito=
modernc.org/libc v1.64.0 h1:U0k8BD2d3cD3e9I8RLcZgJBHAcsJzbXx5mKGSb5pyJA=
modernc.org/libc v1.64.0/go.mod h1:7m9VzGq7APssBTydds2zBcxGREwvIGpuUBaKTXdm2Qs=
modernc.org/mathutil v1.7.1 h1:GCZVGXdaN8gTqB1Mf/usp1Y/hSqgI2vAGGP4jZMCxOU=
modernc.org/mathutil v1.7.1/go.mod h1:4p5IwJITfppl0G4sUEDtCr4DthTaT47/N3aT6MhfgJg=
modernc.org/memory v1.10.0 h1:fzumd51yQ1DxcOxSO+S6X7+QTuVU+n8/Aj7swYjFfC4=
modernc.org/memory v1.10.0/go.mod h1:/JP4VbVC+K5sU2wZi9bHoq2MAkCnrt2r98UGeSK7Mjw=
modernc.org/opt v0.1.4 h1:2kNGMRiUjrp4LcaPuLY2PzUfqM/w9N23quVwhKt5Qm8=
modernc.org/opt v0.1.4/go.mod h1:03fq9lsNfvkYSfxrfUhZCWPk1lm4cq4N+Bh//bEtgns=
modernc.org/sortutil v1.2.1 h1:+xyoGf15mM3NMlPDnFqrteY07klSFxLElE2PVuWIJ7w=
modernc.org/sortutil v1.2.1/go.mod h1:7ZI3a3REbai7gzCLcotuw9AC4VZVpYMjDzETGsSMqJE=
modernc.org/sqlite v1.37.0 h1:s1TMe7T3Q3ovQiK2Ouz4Jwh7dw4ZDqbebSDTlSJdfjI=
modernc.org/sqlite v1.37.0/go.mod h1:5YiWv+YviqGMuGw4V+PNplcyaJ5v+vQd7TQOgkACoJM=
modernc.org/strutil v1.2.1 h1:UneZBkQA+DX2Rp35KcM69cSsNES9ly8mQWD71HKlOA0=
modernc.org/strutil v1.2.1/go.mod h1:EHkiggD70koQxjVdSBM3JKM7k6L0FbGE5eymy9i3B9A=
modernc.org/token v1.1.0 h1:Xl7Ap9dKaEs5kLoOQeQmPWevfnk/DM5qcLcYlA8ys6Y=
modernc.org/token v1.1.0/go.mod h1:UGzOrNV1mAFSEB63lOFHIpNRUVMvYTc6yu1SMY/XTDM=
mvdan.cc/xurls/v2 v2.6.0 h1:3NTZpeTxYVWNSokW3MKeyVkz/j7uYXYiMtXRUfmjbgI=
mvdan.cc/xurls/v2 v2.6.0/go.mod h1:bCvEZ1XvdA6wDnxY7jPPjEmigDtvtvPXAD/Exa9IMSk=
sigs.k8s.io/yaml v1.3.0 h1:a2VclLzOGrwOHDiV8EfBGhvjHvP46CtW5j6POvhYGGo=
sigs.k8s.io/yaml v1.3.0/go.mod h1:GeOyir5tyXNByN85N/dRIT9es5UQNerPYEKK56eTBm8=
